
Microsoft Visual Studio Solution File, Format Version 12.00
# Visual Studio Version 17
VisualStudioVersion = 17.7.34009.444
MinimumVisualStudioVersion = 10.0.40219.1
Project("{FAE04EC0-301F-11D3-BF4B-00C04F79EFBC}") = "WebApplication1", "WebApplication1\WebApplication1.csproj", "{0A6A736F-923B-4C36-B833-1059B7CFB4CB}"
EndProject
Global
	GlobalSection(SolutionConfigurationPlatforms) = preSolution
		Debug|Any CPU = Debug|Any CPU
		Release|Any CPU = Release|Any CPU
	EndGlobalSection
	GlobalSection(ProjectConfigurationPlatforms) = postSolution
		{0A6A736F-923B-4C36-B833-1059B7CFB4CB}.Debug|Any CPU.ActiveCfg = Debug|Any CPU
		{0A6A736F-923B-4C36-B833-1059B7CFB4CB}.Debug|Any CPU.Build.0 = Debug|Any CPU
		{0A6A736F-923B-4C36-B833-1059B7CFB4CB}.Release|Any CPU.ActiveCfg = Release|Any CPU
		{0A6A736F-923B-4C36-B833-1059B7CFB4CB}.Release|Any CPU.Build.0 = Release|Any CPU
	EndGlobalSection
	GlobalSection(SolutionProperties) = preSolution
		HideSolutionNode = FALSE
	EndGlobalSection
	GlobalSection(ExtensibilityGlobals) = postSolution
		SolutionGuid = {BD6D555B-067E-4318-9B25-5F4BFBF7F897}
	EndGlobalSection
EndGlobal
