
Microsoft Visual Studio Solution File, Format Version 12.00
# Visual Studio Version 17
VisualStudioVersion = 17.7.34009.444
MinimumVisualStudioVersion = 10.0.40219.1
Project("{FAE04EC0-301F-11D3-BF4B-00C04F79EFBC}") = "Wallet2", "Wallet2\Wallet2.csproj", "{CFE402EA-639D-428A-83A6-EC206474492C}"
EndProject
Global
	GlobalSection(SolutionConfigurationPlatforms) = preSolution
		Debug|Any CPU = Debug|Any CPU
		Release|Any CPU = Release|Any CPU
	EndGlobalSection
	GlobalSection(ProjectConfigurationPlatforms) = postSolution
		{CFE402EA-639D-428A-83A6-EC206474492C}.Debug|Any CPU.ActiveCfg = Debug|Any CPU
		{CFE402EA-639D-428A-83A6-EC206474492C}.Debug|Any CPU.Build.0 = Debug|Any CPU
		{CFE402EA-639D-428A-83A6-EC206474492C}.Release|Any CPU.ActiveCfg = Release|Any CPU
		{CFE402EA-639D-428A-83A6-EC206474492C}.Release|Any CPU.Build.0 = Release|Any CPU
	EndGlobalSection
	GlobalSection(SolutionProperties) = preSolution
		HideSolutionNode = FALSE
	EndGlobalSection
	GlobalSection(ExtensibilityGlobals) = postSolution
		SolutionGuid = {1F3A0F55-828C-4436-8D70-B90EA7B37AC1}
	EndGlobalSection
EndGlobal
